{
  "name": "data-cleanup",
  "version": "1.0.0",
  "lockfileVersion": 1,
  "requires": true,
  "dependencies": {
    "@sozialhelden/a11yjson": {
      "version": "12.0.1",
      "resolved": "https://registry.npmjs.org/@sozialhelden/a11yjson/-/a11yjson-12.0.1.tgz",
      "integrity": "sha512-am6pKVV9YOw6OfgwJAbSkjW8su99Ddy7BYJm2Rizdly3WOQY9vu8mdwABCc2BcBXqLF2Sllw39ANNLI1/D1Xvw==",
      "requires": {
        "@types/lodash": "^4.14.153",
        "@types/prop-types": "^15.7.3",
        "intersperse": "^1.0.0",
        "js-quantities": "^1.7.4",
        "kind-of": "^6.0.3",
        "lodash": "^4.17.21",
        "markdown-table": "^2.0.0",
        "marked": "^4.0.10",
        "react-style-tag": "^2.0.1",
        "simpl-schema": "^1.10.2",
        "ttag": "^1.7.22"
      }
    },
    "@types/lodash": {
      "version": "4.14.178",
      "resolved": "https://registry.npmjs.org/@types/lodash/-/lodash-4.14.178.tgz",
      "integrity": "sha512-0d5Wd09ItQWH1qFbEyQ7oTQ3GZrMfth5JkbN3EvTKLXcHLRDSXeLnlvlOn0wvxVIwK5o2M8JzP/OWz7T3NRsbw=="
    },
    "@types/prop-types": {
      "version": "15.7.4",
      "resolved": "https://registry.npmjs.org/@types/prop-types/-/prop-types-15.7.4.tgz",
      "integrity": "sha512-rZ5drC/jWjrArrS8BR6SIr4cWpW09RNTYt9AMZo3Jwwif+iacXAqgVjm0B0Bv/S1jhDXKHqRVNCbACkJ89RAnQ=="
    },
    "clone": {
      "version": "2.1.2",
      "resolved": "https://registry.npmjs.org/clone/-/clone-2.1.2.tgz",
      "integrity": "sha1-G39Ln1kfHo+DZwQBYANFoCiHQ18="
    },
    "cssbeautify": {
      "version": "0.3.1",
      "resolved": "https://registry.npmjs.org/cssbeautify/-/cssbeautify-0.3.1.tgz",
      "integrity": "sha1-Et0fc0A1wub6ymfcvc73TkKBE5c="
    },
    "csv-parser": {
      "version": "3.0.0",
      "resolved": "https://registry.npmjs.org/csv-parser/-/csv-parser-3.0.0.tgz",
      "integrity": "sha512-s6OYSXAK3IdKqYO33y09jhypG/bSDHPuyCme/IdEHfWpLf/jKcpitVFyOC6UemgGk8v7Q5u2XE0vvwmanxhGlQ==",
      "requires": {
        "minimist": "^1.2.0"
      }
    },
    "dedent": {
      "version": "0.7.0",
      "resolved": "https://registry.npmjs.org/dedent/-/dedent-0.7.0.tgz",
      "integrity": "sha1-JJXduvbrh0q7Dhvp3yLS5aVEMmw="
    },
    "get-stream": {
      "version": "6.0.1",
      "resolved": "https://registry.npmjs.org/get-stream/-/get-stream-6.0.1.tgz",
      "integrity": "sha512-ts6Wi+2j3jQjqi70w5AlN8DFnkSwC+MqmxEzdEALB2qXZYV3X/b1CTfgPLGJNMeAWxdPfU8FO1ms3NUfaHCPYg=="
    },
    "intersperse": {
      "version": "1.0.0",
      "resolved": "https://registry.npmjs.org/intersperse/-/intersperse-1.0.0.tgz",
      "integrity": "sha1-8lYfsc/vn1J3zDNHoiiGtDUaUYE="
    },
    "js-quantities": {
      "version": "1.7.6",
      "resolved": "https://registry.npmjs.org/js-quantities/-/js-quantities-1.7.6.tgz",
      "integrity": "sha512-h6TH1xK1u/zdjD26M6kKVthZONJSDTIRzrohbqOILfJAyanWHGlJLWuAWkSMtqi8k/IxshStsc97Pkf8SL9yvA=="
    },
    "kind-of": {
      "version": "6.0.3",
      "resolved": "https://registry.npmjs.org/kind-of/-/kind-of-6.0.3.tgz",
      "integrity": "sha512-dcS1ul+9tmeD95T+x28/ehLgd9mENa3LsvDTtzm3vyBEO7RPptvAD+t44WVXaUjTBRcrpFeFlC8WCruUR456hw=="
    },
    "lodash": {
      "version": "4.17.21",
      "resolved": "https://registry.npmjs.org/lodash/-/lodash-4.17.21.tgz",
      "integrity": "sha512-v2kDEe57lecTulaDIuNTPy3Ry4gLGJ6Z1O3vE1krgXZNrsQ+LFTGHVxVjcXPs17LhbZVGedAJv8XZ1tvj5FvSg=="
    },
    "lodash._reinterpolate": {
      "version": "3.0.0",
      "resolved": "https://registry.npmjs.org/lodash._reinterpolate/-/lodash._reinterpolate-3.0.0.tgz",
      "integrity": "sha1-DM8tiRZq8Ds2Y8eWU4t1rG4RTZ0="
    },
    "lodash.template": {
      "version": "4.5.0",
      "resolved": "https://registry.npmjs.org/lodash.template/-/lodash.template-4.5.0.tgz",
      "integrity": "sha512-84vYFxIkmidUiFxidA/KjjH9pAycqW+h980j7Fuz5qxRtO9pgB7MDFTdys1N7A5mcucRiDyEq4fusljItR1T/A==",
      "requires": {
        "lodash._reinterpolate": "^3.0.0",
        "lodash.templatesettings": "^4.0.0"
      }
    },
    "lodash.templatesettings": {
      "version": "4.2.0",
      "resolved": "https://registry.npmjs.org/lodash.templatesettings/-/lodash.templatesettings-4.2.0.tgz",
      "integrity": "sha512-stgLz+i3Aa9mZgnjr/O+v9ruKZsPsndy7qPZOchbqk2cnTU1ZaldKK+v7m54WoKIyxiuMZTKT2H81F8BeAc3ZQ==",
      "requires": {
        "lodash._reinterpolate": "^3.0.0"
      }
    },
    "markdown-table": {
      "version": "2.0.0",
      "resolved": "https://registry.npmjs.org/markdown-table/-/markdown-table-2.0.0.tgz",
      "integrity": "sha512-Ezda85ToJUBhM6WGaG6veasyym+Tbs3cMAw/ZhOPqXiYsr0jgocBV3j3nx+4lk47plLlIqjwuTm/ywVI+zjJ/A==",
      "requires": {
        "repeat-string": "^1.0.0"
      }
    },
    "marked": {
      "version": "4.0.10",
      "resolved": "https://registry.npmjs.org/marked/-/marked-4.0.10.tgz",
      "integrity": "sha512-+QvuFj0nGgO970fySghXGmuw+Fd0gD2x3+MqCWLIPf5oxdv1Ka6b2q+z9RP01P/IaKPMEramy+7cNy/Lw8c3hw=="
    },
    "message-box": {
      "version": "0.2.7",
      "resolved": "https://registry.npmjs.org/message-box/-/message-box-0.2.7.tgz",
      "integrity": "sha512-C4ccA5nHb58kTS+pLrgF/JWtr7fAIkHxRDceH7tdy5fMA783nUfbYwZ7H2XLvSeYfcnWIYCig5dWW+icK9X/Ag==",
      "requires": {
        "lodash.template": "^4.5.0"
      }
    },
    "minimist": {
      "version": "1.2.5",
      "resolved": "https://registry.npmjs.org/minimist/-/minimist-1.2.5.tgz",
      "integrity": "sha512-FM9nNUYrRBAELZQT3xeZQ7fmMOBg6nWNmJKTcgsJeaLstP/UODVpGsr5OhXhhXg6f+qtJ8uiZ+PUxkDWcgIXLw=="
    },
    "mongo-object": {
      "version": "0.1.4",
      "resolved": "https://registry.npmjs.org/mongo-object/-/mongo-object-0.1.4.tgz",
      "integrity": "sha512-QtYk0gupWEn2+iB+DDRt1L+WbcNYvJRaHdih/dcqthOa1DbnREUGSs2WGcW478GNYpElflo/yybZXu0sTiRXHg=="
    },
    "neat-csv": {
      "version": "7.0.0",
      "resolved": "https://registry.npmjs.org/neat-csv/-/neat-csv-7.0.0.tgz",
      "integrity": "sha512-ZmiKZNkdqb6hrBU3lDHm52vWXs6CuFPfw6ZoJZNnY7IIpfA1fxM0UPPi+iQpqQo82qcLbsZPwLkQ1cdrMDtwwA==",
      "requires": {
        "csv-parser": "^3.0.0",
        "get-stream": "^6.0.1"
      }
    },
    "plural-forms": {
      "version": "0.5.3",
      "resolved": "https://registry.npmjs.org/plural-forms/-/plural-forms-0.5.3.tgz",
      "integrity": "sha512-t/hkjsTeDwaK9n/z6tUiSHySTC8sPnTiS5YF3Y5p4L+eomzXh7O0vEemkjwb68/82w0Rjw4uED3X84X7vXf9lg=="
    },
    "react-parm": {
      "version": "1.1.1",
      "resolved": "https://registry.npmjs.org/react-parm/-/react-parm-1.1.1.tgz",
      "integrity": "sha512-fei1OHIwwYWTdAeiJSCz8VHCIIeZTI65fmtFRtoejwYMOQGgJcim0K1RTz69kTnvwviQI+a9vU3t0MZR52hSLQ=="
    },
    "react-style-tag": {
      "version": "2.0.4",
      "resolved": "https://registry.npmjs.org/react-style-tag/-/react-style-tag-2.0.4.tgz",
      "integrity": "sha512-IPOb0ahaJS+5oH+F0LiOexlz/KhwPeyQYluP/a8UGxKVZ1WU/ZBeosSEcwO9IrstOZlUJN5Jrp0YyKxkYNq5og==",
      "requires": {
        "cssbeautify": "^0.3.1",
        "react-parm": "^1.0.0",
        "stylis": "^3.5.0"
      }
    },
    "repeat-string": {
      "version": "1.6.1",
      "resolved": "https://registry.npmjs.org/repeat-string/-/repeat-string-1.6.1.tgz",
      "integrity": "sha1-jcrkcOHIirwtYA//Sndihtp15jc="
    },
    "simpl-schema": {
      "version": "1.12.0",
      "resolved": "https://registry.npmjs.org/simpl-schema/-/simpl-schema-1.12.0.tgz",
      "integrity": "sha512-lzXC3L8jJbPhNXGR3cjlyIauqqrC5WUJS4O34Ym/wLIvb8K3ZieK+1OfTzs4mBpDc3Y8u53gQFAr1X37DmTcEg==",
      "requires": {
        "clone": "^2.1.2",
        "message-box": "^0.2.7",
        "mongo-object": "^0.1.4"
      }
    },
    "stylis": {
      "version": "3.5.4",
      "resolved": "https://registry.npmjs.org/stylis/-/stylis-3.5.4.tgz",
      "integrity": "sha512-8/3pSmthWM7lsPBKv7NXkzn2Uc9W7NotcwGNpJaa3k7WMM1XDCA4MgT5k/8BIexd5ydZdboXtU90XH9Ec4Bv/Q=="
    },
    "ttag": {
      "version": "1.7.24",
      "resolved": "https://registry.npmjs.org/ttag/-/ttag-1.7.24.tgz",
      "integrity": "sha512-8H/0dS6VYqBXzVBCo8f4s48TMIkC9UrALfMkXsaNWqKo3P3UQzfE1KZXlBkrhZho2A1iJuxUgGzHSgQvkZwGmg==",
      "requires": {
        "dedent": "^0.7.0",
        "plural-forms": "^0.5.3"
      }
    }
  }
}
