{
  "name": "kobo-a11yjson",
  "version": "1.0.0",
  "lockfileVersion": 1,
  "requires": true,
  "dependencies": {
    "@sozialhelden/a11yjson": {
      "version": "11.0.0",
      "resolved": "https://registry.npmjs.org/@sozialhelden/a11yjson/-/a11yjson-11.0.0.tgz",
      "integrity": "sha512-4HVF50zjdtRLtQ1kGe8L1W/uQqufFKSdwC/bA0l2/t5kWuH4PBW0x0a8H6KOMsWnoWXY6qNAFAzampUsAz8f4w==",
      "dev": true,
      "requires": {
        "@types/lodash": "^4.14.153",
        "@types/prop-types": "^15.7.3",
        "intersperse": "^1.0.0",
        "js-quantities": "^1.7.4",
        "kind-of": "^6.0.3",
        "lodash": "^4.17.21",
        "markdown-table": "^2.0.0",
        "marked": "^2.0.0",
        "react-style-tag": "^2.0.1",
        "simpl-schema": "^1.10.2",
        "ttag": "^1.7.22"
      }
    },
    "@types/lodash": {
      "version": "4.14.176",
      "resolved": "https://registry.npmjs.org/@types/lodash/-/lodash-4.14.176.tgz",
      "integrity": "sha512-xZmuPTa3rlZoIbtDUyJKZQimJV3bxCmzMIO2c9Pz9afyDro6kr7R79GwcB6mRhuoPmV2p1Vb66WOJH7F886WKQ==",
      "dev": true
    },
    "@types/prop-types": {
      "version": "15.7.4",
      "resolved": "https://registry.npmjs.org/@types/prop-types/-/prop-types-15.7.4.tgz",
      "integrity": "sha512-rZ5drC/jWjrArrS8BR6SIr4cWpW09RNTYt9AMZo3Jwwif+iacXAqgVjm0B0Bv/S1jhDXKHqRVNCbACkJ89RAnQ==",
      "dev": true
    },
    "clone": {
      "version": "2.1.2",
      "resolved": "https://registry.npmjs.org/clone/-/clone-2.1.2.tgz",
      "integrity": "sha1-G39Ln1kfHo+DZwQBYANFoCiHQ18=",
      "dev": true
    },
    "cssbeautify": {
      "version": "0.3.1",
      "resolved": "https://registry.npmjs.org/cssbeautify/-/cssbeautify-0.3.1.tgz",
      "integrity": "sha1-Et0fc0A1wub6ymfcvc73TkKBE5c=",
      "dev": true
    },
    "dedent": {
      "version": "0.7.0",
      "resolved": "https://registry.npmjs.org/dedent/-/dedent-0.7.0.tgz",
      "integrity": "sha1-JJXduvbrh0q7Dhvp3yLS5aVEMmw=",
      "dev": true
    },
    "intersperse": {
      "version": "1.0.0",
      "resolved": "https://registry.npmjs.org/intersperse/-/intersperse-1.0.0.tgz",
      "integrity": "sha1-8lYfsc/vn1J3zDNHoiiGtDUaUYE=",
      "dev": true
    },
    "js-quantities": {
      "version": "1.7.6",
      "resolved": "https://registry.npmjs.org/js-quantities/-/js-quantities-1.7.6.tgz",
      "integrity": "sha512-h6TH1xK1u/zdjD26M6kKVthZONJSDTIRzrohbqOILfJAyanWHGlJLWuAWkSMtqi8k/IxshStsc97Pkf8SL9yvA==",
      "dev": true
    },
    "kind-of": {
      "version": "6.0.3",
      "resolved": "https://registry.npmjs.org/kind-of/-/kind-of-6.0.3.tgz",
      "integrity": "sha512-dcS1ul+9tmeD95T+x28/ehLgd9mENa3LsvDTtzm3vyBEO7RPptvAD+t44WVXaUjTBRcrpFeFlC8WCruUR456hw==",
      "dev": true
    },
    "lodash": {
      "version": "4.17.21",
      "resolved": "https://registry.npmjs.org/lodash/-/lodash-4.17.21.tgz",
      "integrity": "sha512-v2kDEe57lecTulaDIuNTPy3Ry4gLGJ6Z1O3vE1krgXZNrsQ+LFTGHVxVjcXPs17LhbZVGedAJv8XZ1tvj5FvSg==",
      "dev": true
    },
    "lodash._reinterpolate": {
      "version": "3.0.0",
      "resolved": "https://registry.npmjs.org/lodash._reinterpolate/-/lodash._reinterpolate-3.0.0.tgz",
      "integrity": "sha1-DM8tiRZq8Ds2Y8eWU4t1rG4RTZ0=",
      "dev": true
    },
    "lodash.template": {
      "version": "4.5.0",
      "resolved": "https://registry.npmjs.org/lodash.template/-/lodash.template-4.5.0.tgz",
      "integrity": "sha512-84vYFxIkmidUiFxidA/KjjH9pAycqW+h980j7Fuz5qxRtO9pgB7MDFTdys1N7A5mcucRiDyEq4fusljItR1T/A==",
      "dev": true,
      "requires": {
        "lodash._reinterpolate": "^3.0.0",
        "lodash.templatesettings": "^4.0.0"
      }
    },
    "lodash.templatesettings": {
      "version": "4.2.0",
      "resolved": "https://registry.npmjs.org/lodash.templatesettings/-/lodash.templatesettings-4.2.0.tgz",
      "integrity": "sha512-stgLz+i3Aa9mZgnjr/O+v9ruKZsPsndy7qPZOchbqk2cnTU1ZaldKK+v7m54WoKIyxiuMZTKT2H81F8BeAc3ZQ==",
      "dev": true,
      "requires": {
        "lodash._reinterpolate": "^3.0.0"
      }
    },
    "markdown-table": {
      "version": "2.0.0",
      "resolved": "https://registry.npmjs.org/markdown-table/-/markdown-table-2.0.0.tgz",
      "integrity": "sha512-Ezda85ToJUBhM6WGaG6veasyym+Tbs3cMAw/ZhOPqXiYsr0jgocBV3j3nx+4lk47plLlIqjwuTm/ywVI+zjJ/A==",
      "dev": true,
      "requires": {
        "repeat-string": "^1.0.0"
      }
    },
    "marked": {
      "version": "2.1.3",
      "resolved": "https://registry.npmjs.org/marked/-/marked-2.1.3.tgz",
      "integrity": "sha512-/Q+7MGzaETqifOMWYEA7HVMaZb4XbcRfaOzcSsHZEith83KGlvaSG33u0SKu89Mj5h+T8V2hM+8O45Qc5XTgwA==",
      "dev": true
    },
    "message-box": {
      "version": "0.2.7",
      "resolved": "https://registry.npmjs.org/message-box/-/message-box-0.2.7.tgz",
      "integrity": "sha512-C4ccA5nHb58kTS+pLrgF/JWtr7fAIkHxRDceH7tdy5fMA783nUfbYwZ7H2XLvSeYfcnWIYCig5dWW+icK9X/Ag==",
      "dev": true,
      "requires": {
        "lodash.template": "^4.5.0"
      }
    },
    "mongo-object": {
      "version": "0.1.4",
      "resolved": "https://registry.npmjs.org/mongo-object/-/mongo-object-0.1.4.tgz",
      "integrity": "sha512-QtYk0gupWEn2+iB+DDRt1L+WbcNYvJRaHdih/dcqthOa1DbnREUGSs2WGcW478GNYpElflo/yybZXu0sTiRXHg==",
      "dev": true
    },
    "plural-forms": {
      "version": "0.5.3",
      "resolved": "https://registry.npmjs.org/plural-forms/-/plural-forms-0.5.3.tgz",
      "integrity": "sha512-t/hkjsTeDwaK9n/z6tUiSHySTC8sPnTiS5YF3Y5p4L+eomzXh7O0vEemkjwb68/82w0Rjw4uED3X84X7vXf9lg==",
      "dev": true
    },
    "react-parm": {
      "version": "1.1.1",
      "resolved": "https://registry.npmjs.org/react-parm/-/react-parm-1.1.1.tgz",
      "integrity": "sha512-fei1OHIwwYWTdAeiJSCz8VHCIIeZTI65fmtFRtoejwYMOQGgJcim0K1RTz69kTnvwviQI+a9vU3t0MZR52hSLQ==",
      "dev": true
    },
    "react-style-tag": {
      "version": "2.0.4",
      "resolved": "https://registry.npmjs.org/react-style-tag/-/react-style-tag-2.0.4.tgz",
      "integrity": "sha512-IPOb0ahaJS+5oH+F0LiOexlz/KhwPeyQYluP/a8UGxKVZ1WU/ZBeosSEcwO9IrstOZlUJN5Jrp0YyKxkYNq5og==",
      "dev": true,
      "requires": {
        "cssbeautify": "^0.3.1",
        "react-parm": "^1.0.0",
        "stylis": "^3.5.0"
      }
    },
    "repeat-string": {
      "version": "1.6.1",
      "resolved": "https://registry.npmjs.org/repeat-string/-/repeat-string-1.6.1.tgz",
      "integrity": "sha1-jcrkcOHIirwtYA//Sndihtp15jc=",
      "dev": true
    },
    "simpl-schema": {
      "version": "1.12.0",
      "resolved": "https://registry.npmjs.org/simpl-schema/-/simpl-schema-1.12.0.tgz",
      "integrity": "sha512-lzXC3L8jJbPhNXGR3cjlyIauqqrC5WUJS4O34Ym/wLIvb8K3ZieK+1OfTzs4mBpDc3Y8u53gQFAr1X37DmTcEg==",
      "dev": true,
      "requires": {
        "clone": "^2.1.2",
        "message-box": "^0.2.7",
        "mongo-object": "^0.1.4"
      }
    },
    "stylis": {
      "version": "3.5.4",
      "resolved": "https://registry.npmjs.org/stylis/-/stylis-3.5.4.tgz",
      "integrity": "sha512-8/3pSmthWM7lsPBKv7NXkzn2Uc9W7NotcwGNpJaa3k7WMM1XDCA4MgT5k/8BIexd5ydZdboXtU90XH9Ec4Bv/Q==",
      "dev": true
    },
    "ttag": {
      "version": "1.7.24",
      "resolved": "https://registry.npmjs.org/ttag/-/ttag-1.7.24.tgz",
      "integrity": "sha512-8H/0dS6VYqBXzVBCo8f4s48TMIkC9UrALfMkXsaNWqKo3P3UQzfE1KZXlBkrhZho2A1iJuxUgGzHSgQvkZwGmg==",
      "dev": true,
      "requires": {
        "dedent": "^0.7.0",
        "plural-forms": "^0.5.3"
      }
    }
  }
}
